{
  "nodes": {
    "flake-utils": {
      "locked": {
        "lastModified": 1652557277,
        "narHash": "sha256-jSes9DaIVMdmwBB78KkFUVrlDzawmD62vrUg0GS2500=",
        "owner": "numtide",
        "repo": "flake-utils",
        "rev": "12806d31a381e7cd169a6bac35590e7b36dc5fe5",
        "type": "github"
      },
      "original": {
        "id": "flake-utils",
        "type": "indirect"
      }
    },
    "nixpkgs": {
      "locked": {
        "lastModified": 1652572281,
        "narHash": "sha256-UEsrB5XBOj0blVe2ldc0lHvlhLYZJDHroELMHlg7XxA=",
        "owner": "NixOS",
        "repo": "nixpkgs",
        "rev": "43ff6cb1c027d13dc938b88eb099462210fea52f",
        "type": "github"
      },
      "original": {
        "id": "nixpkgs",
        "ref": "nixos-unstable",
        "type": "indirect"
      }
    },
    "nur": {
      "locked": {
        "lastModified": 1652647187,
        "narHash": "sha256-OxskNWXlrCeJSfhV7NCWGl9qNoiPIiANA/ZJvk4KAXM=",
        "owner": "nix-community",
        "repo": "NUR",
        "rev": "8b3e0f614bf2dff80967f7c7d62409d12226b166",
        "type": "github"
      },
      "original": {
        "id": "nur",
        "type": "indirect"
      }
    },
    "root": {
      "inputs": {
        "flake-utils": "flake-utils",
        "nixpkgs": "nixpkgs",
        "nur": "nur"
      }
    }
  },
  "root": "root",
  "version": 7
}
